
Microsoft Visual Studio Solution File, Format Version 12.00
# Visual Studio Version 17
VisualStudioVersion = 17.0.31903.59
MinimumVisualStudioVersion = 10.0.40219.1
Project("{FAE04EC0-301F-11D3-BF4B-00C04F79EFBC}") = "Cli", "Cli\Cli.csproj", "{13B8C34B-9416-41B5-B456-AC729586E88E}"
EndProject
Project("{FAE04EC0-301F-11D3-BF4B-00C04F79EFBC}") = "Entities", "Entities\Entities.csproj", "{B68A3E0A-2B27-40D2-BF2F-1FA8799600EF}"
EndProject
Project("{FAE04EC0-301F-11D3-BF4B-00C04F79EFBC}") = "RepositoryContracts", "RepositoryContracts\RepositoryContracts.csproj", "{D3F9DE8E-AB70-40D1-BAE1-1D086CFD057C}"
EndProject
Project("{FAE04EC0-301F-11D3-BF4B-00C04F79EFBC}") = "FileRepositories", "FileRepositories\FileRepositories.csproj", "{018A3D43-7B86-419C-805F-DEB2A0D77606}"
EndProject
Project("{FAE04EC0-301F-11D3-BF4B-00C04F79EFBC}") = "InMemoryRepositories", "InMemoryRepositories\InMemoryRepositories.csproj", "{7128F4A1-9D9F-469D-9743-69AEA6DE62DD}"
EndProject
Global
	GlobalSection(SolutionConfigurationPlatforms) = preSolution
		Debug|Any CPU = Debug|Any CPU
		Debug|x64 = Debug|x64
		Debug|x86 = Debug|x86
		Release|Any CPU = Release|Any CPU
		Release|x64 = Release|x64
		Release|x86 = Release|x86
	EndGlobalSection
	GlobalSection(ProjectConfigurationPlatforms) = postSolution
		{13B8C34B-9416-41B5-B456-AC729586E88E}.Debug|Any CPU.ActiveCfg = Debug|Any CPU
		{13B8C34B-9416-41B5-B456-AC729586E88E}.Debug|Any CPU.Build.0 = Debug|Any CPU
		{13B8C34B-9416-41B5-B456-AC729586E88E}.Debug|x64.ActiveCfg = Debug|Any CPU
		{13B8C34B-9416-41B5-B456-AC729586E88E}.Debug|x64.Build.0 = Debug|Any CPU
		{13B8C34B-9416-41B5-B456-AC729586E88E}.Debug|x86.ActiveCfg = Debug|Any CPU
		{13B8C34B-9416-41B5-B456-AC729586E88E}.Debug|x86.Build.0 = Debug|Any CPU
		{13B8C34B-9416-41B5-B456-AC729586E88E}.Release|Any CPU.ActiveCfg = Release|Any CPU
		{13B8C34B-9416-41B5-B456-AC729586E88E}.Release|Any CPU.Build.0 = Release|Any CPU
		{13B8C34B-9416-41B5-B456-AC729586E88E}.Release|x64.ActiveCfg = Release|Any CPU
		{13B8C34B-9416-41B5-B456-AC729586E88E}.Release|x64.Build.0 = Release|Any CPU
		{13B8C34B-9416-41B5-B456-AC729586E88E}.Release|x86.ActiveCfg = Release|Any CPU
		{13B8C34B-9416-41B5-B456-AC729586E88E}.Release|x86.Build.0 = Release|Any CPU
		{B68A3E0A-2B27-40D2-BF2F-1FA8799600EF}.Debug|Any CPU.ActiveCfg = Debug|Any CPU
		{B68A3E0A-2B27-40D2-BF2F-1FA8799600EF}.Debug|Any CPU.Build.0 = Debug|Any CPU
		{B68A3E0A-2B27-40D2-BF2F-1FA8799600EF}.Debug|x64.ActiveCfg = Debug|Any CPU
		{B68A3E0A-2B27-40D2-BF2F-1FA8799600EF}.Debug|x64.Build.0 = Debug|Any CPU
		{B68A3E0A-2B27-40D2-BF2F-1FA8799600EF}.Debug|x86.ActiveCfg = Debug|Any CPU
		{B68A3E0A-2B27-40D2-BF2F-1FA8799600EF}.Debug|x86.Build.0 = Debug|Any CPU
		{B68A3E0A-2B27-40D2-BF2F-1FA8799600EF}.Release|Any CPU.ActiveCfg = Release|Any CPU
		{B68A3E0A-2B27-40D2-BF2F-1FA8799600EF}.Release|Any CPU.Build.0 = Release|Any CPU
		{B68A3E0A-2B27-40D2-BF2F-1FA8799600EF}.Release|x64.ActiveCfg = Release|Any CPU
		{B68A3E0A-2B27-40D2-BF2F-1FA8799600EF}.Release|x64.Build.0 = Release|Any CPU
		{B68A3E0A-2B27-40D2-BF2F-1FA8799600EF}.Release|x86.ActiveCfg = Release|Any CPU
		{B68A3E0A-2B27-40D2-BF2F-1FA8799600EF}.Release|x86.Build.0 = Release|Any CPU
		{D3F9DE8E-AB70-40D1-BAE1-1D086CFD057C}.Debug|Any CPU.ActiveCfg = Debug|Any CPU
		{D3F9DE8E-AB70-40D1-BAE1-1D086CFD057C}.Debug|Any CPU.Build.0 = Debug|Any CPU
		{D3F9DE8E-AB70-40D1-BAE1-1D086CFD057C}.Debug|x64.ActiveCfg = Debug|Any CPU
		{D3F9DE8E-AB70-40D1-BAE1-1D086CFD057C}.Debug|x64.Build.0 = Debug|Any CPU
		{D3F9DE8E-AB70-40D1-BAE1-1D086CFD057C}.Debug|x86.ActiveCfg = Debug|Any CPU
		{D3F9DE8E-AB70-40D1-BAE1-1D086CFD057C}.Debug|x86.Build.0 = Debug|Any CPU
		{D3F9DE8E-AB70-40D1-BAE1-1D086CFD057C}.Release|Any CPU.ActiveCfg = Release|Any CPU
		{D3F9DE8E-AB70-40D1-BAE1-1D086CFD057C}.Release|Any CPU.Build.0 = Release|Any CPU
		{D3F9DE8E-AB70-40D1-BAE1-1D086CFD057C}.Release|x64.ActiveCfg = Release|Any CPU
		{D3F9DE8E-AB70-40D1-BAE1-1D086CFD057C}.Release|x64.Build.0 = Release|Any CPU
		{D3F9DE8E-AB70-40D1-BAE1-1D086CFD057C}.Release|x86.ActiveCfg = Release|Any CPU
		{D3F9DE8E-AB70-40D1-BAE1-1D086CFD057C}.Release|x86.Build.0 = Release|Any CPU
		{018A3D43-7B86-419C-805F-DEB2A0D77606}.Debug|Any CPU.ActiveCfg = Debug|Any CPU
		{018A3D43-7B86-419C-805F-DEB2A0D77606}.Debug|Any CPU.Build.0 = Debug|Any CPU
		{018A3D43-7B86-419C-805F-DEB2A0D77606}.Debug|x64.ActiveCfg = Debug|Any CPU
		{018A3D43-7B86-419C-805F-DEB2A0D77606}.Debug|x64.Build.0 = Debug|Any CPU
		{018A3D43-7B86-419C-805F-DEB2A0D77606}.Debug|x86.ActiveCfg = Debug|Any CPU
		{018A3D43-7B86-419C-805F-DEB2A0D77606}.Debug|x86.Build.0 = Debug|Any CPU
		{018A3D43-7B86-419C-805F-DEB2A0D77606}.Release|Any CPU.ActiveCfg = Release|Any CPU
		{018A3D43-7B86-419C-805F-DEB2A0D77606}.Release|Any CPU.Build.0 = Release|Any CPU
		{018A3D43-7B86-419C-805F-DEB2A0D77606}.Release|x64.ActiveCfg = Release|Any CPU
		{018A3D43-7B86-419C-805F-DEB2A0D77606}.Release|x64.Build.0 = Release|Any CPU
		{018A3D43-7B86-419C-805F-DEB2A0D77606}.Release|x86.ActiveCfg = Release|Any CPU
		{018A3D43-7B86-419C-805F-DEB2A0D77606}.Release|x86.Build.0 = Release|Any CPU
		{7128F4A1-9D9F-469D-9743-69AEA6DE62DD}.Debug|Any CPU.ActiveCfg = Debug|Any CPU
		{7128F4A1-9D9F-469D-9743-69AEA6DE62DD}.Debug|Any CPU.Build.0 = Debug|Any CPU
		{7128F4A1-9D9F-469D-9743-69AEA6DE62DD}.Debug|x64.ActiveCfg = Debug|Any CPU
		{7128F4A1-9D9F-469D-9743-69AEA6DE62DD}.Debug|x64.Build.0 = Debug|Any CPU
		{7128F4A1-9D9F-469D-9743-69AEA6DE62DD}.Debug|x86.ActiveCfg = Debug|Any CPU
		{7128F4A1-9D9F-469D-9743-69AEA6DE62DD}.Debug|x86.Build.0 = Debug|Any CPU
		{7128F4A1-9D9F-469D-9743-69AEA6DE62DD}.Release|Any CPU.ActiveCfg = Release|Any CPU
		{7128F4A1-9D9F-469D-9743-69AEA6DE62DD}.Release|Any CPU.Build.0 = Release|Any CPU
		{7128F4A1-9D9F-469D-9743-69AEA6DE62DD}.Release|x64.ActiveCfg = Release|Any CPU
		{7128F4A1-9D9F-469D-9743-69AEA6DE62DD}.Release|x64.Build.0 = Release|Any CPU
		{7128F4A1-9D9F-469D-9743-69AEA6DE62DD}.Release|x86.ActiveCfg = Release|Any CPU
		{7128F4A1-9D9F-469D-9743-69AEA6DE62DD}.Release|x86.Build.0 = Release|Any CPU
	EndGlobalSection
	GlobalSection(SolutionProperties) = preSolution
		HideSolutionNode = FALSE
	EndGlobalSection
EndGlobal
