
Microsoft Visual Studio Solution File, Format Version 12.00
# Visual Studio Version 17
VisualStudioVersion = 17.0.31903.59
MinimumVisualStudioVersion = 10.0.40219.1
Project("{FAE04EC0-301F-11D3-BF4B-00C04F79EFBC}") = "Cli", "Cli\Cli.csproj", "{13B8C34B-9416-41B5-B456-AC729586E88E}"
EndProject
Project("{FAE04EC0-301F-11D3-BF4B-00C04F79EFBC}") = "Entities", "Entities\Entities.csproj", "{B68A3E0A-2B27-40D2-BF2F-1FA8799600EF}"
EndProject
Project("{FAE04EC0-301F-11D3-BF4B-00C04F79EFBC}") = "RepositoryContracts", "RepositoryContracts\RepositoryContracts.csproj", "{D3F9DE8E-AB70-40D1-BAE1-1D086CFD057C}"
EndProject
Project("{FAE04EC0-301F-11D3-BF4B-00C04F79EFBC}") = "FileRepositories", "FileRepositories\FileRepositories.csproj", "{018A3D43-7B86-419C-805F-DEB2A0D77606}"
EndProject
Project("{FAE04EC0-301F-11D3-BF4B-00C04F79EFBC}") = "InMemoryRepositories", "InMemoryRepositories\InMemoryRepositories.csproj", "{7128F4A1-9D9F-469D-9743-69AEA6DE62DD}"
EndProject
Project("{2150E333-8FDC-42A3-9474-1A3956D46DE8}") = "Shared", "Shared", "{A9A07C16-F2EF-4D55-A22E-13FC9E14014B}"
EndProject
Project("{2150E333-8FDC-42A3-9474-1A3956D46DE8}") = "Server", "Server", "{D32C8AA4-B96C-4C9D-A272-6CC5A8C41E98}"
EndProject
Project("{FAE04EC0-301F-11D3-BF4B-00C04F79EFBC}") = "ApiContracts", "ApiContracts\ApiContracts.csproj", "{8F83E6DE-F82D-46D3-86CE-BCBAC4B29EAA}"
EndProject
Project("{FAE04EC0-301F-11D3-BF4B-00C04F79EFBC}") = "WebAPI", "WebAPI\WebAPI.csproj", "{6576DBF6-E7F5-4418-AF3D-DDB84C57ECC1}"
EndProject
Project("{2150E333-8FDC-42A3-9474-1A3956D46DE8}") = "Client", "Client", "{6D72BC93-3B04-4FE1-851D-7A6A43038D9F}"
EndProject
Project("{FAE04EC0-301F-11D3-BF4B-00C04F79EFBC}") = "BlazorApp", "BlazorApp\BlazorApp.csproj", "{19BAC183-71D5-4A71-A08A-C37E21D1ED4D}"
EndProject
Global
	GlobalSection(SolutionConfigurationPlatforms) = preSolution
		Debug|Any CPU = Debug|Any CPU
		Debug|x64 = Debug|x64
		Debug|x86 = Debug|x86
		Release|Any CPU = Release|Any CPU
		Release|x64 = Release|x64
		Release|x86 = Release|x86
	EndGlobalSection
	GlobalSection(ProjectConfigurationPlatforms) = postSolution
		{13B8C34B-9416-41B5-B456-AC729586E88E}.Debug|Any CPU.ActiveCfg = Debug|Any CPU
		{13B8C34B-9416-41B5-B456-AC729586E88E}.Debug|Any CPU.Build.0 = Debug|Any CPU
		{13B8C34B-9416-41B5-B456-AC729586E88E}.Debug|x64.ActiveCfg = Debug|Any CPU
		{13B8C34B-9416-41B5-B456-AC729586E88E}.Debug|x64.Build.0 = Debug|Any CPU
		{13B8C34B-9416-41B5-B456-AC729586E88E}.Debug|x86.ActiveCfg = Debug|Any CPU
		{13B8C34B-9416-41B5-B456-AC729586E88E}.Debug|x86.Build.0 = Debug|Any CPU
		{13B8C34B-9416-41B5-B456-AC729586E88E}.Release|Any CPU.ActiveCfg = Release|Any CPU
		{13B8C34B-9416-41B5-B456-AC729586E88E}.Release|Any CPU.Build.0 = Release|Any CPU
		{13B8C34B-9416-41B5-B456-AC729586E88E}.Release|x64.ActiveCfg = Release|Any CPU
		{13B8C34B-9416-41B5-B456-AC729586E88E}.Release|x64.Build.0 = Release|Any CPU
		{13B8C34B-9416-41B5-B456-AC729586E88E}.Release|x86.ActiveCfg = Release|Any CPU
		{13B8C34B-9416-41B5-B456-AC729586E88E}.Release|x86.Build.0 = Release|Any CPU
		{B68A3E0A-2B27-40D2-BF2F-1FA8799600EF}.Debug|Any CPU.ActiveCfg = Debug|Any CPU
		{B68A3E0A-2B27-40D2-BF2F-1FA8799600EF}.Debug|Any CPU.Build.0 = Debug|Any CPU
		{B68A3E0A-2B27-40D2-BF2F-1FA8799600EF}.Debug|x64.ActiveCfg = Debug|Any CPU
		{B68A3E0A-2B27-40D2-BF2F-1FA8799600EF}.Debug|x64.Build.0 = Debug|Any CPU
		{B68A3E0A-2B27-40D2-BF2F-1FA8799600EF}.Debug|x86.ActiveCfg = Debug|Any CPU
		{B68A3E0A-2B27-40D2-BF2F-1FA8799600EF}.Debug|x86.Build.0 = Debug|Any CPU
		{B68A3E0A-2B27-40D2-BF2F-1FA8799600EF}.Release|Any CPU.ActiveCfg = Release|Any CPU
		{B68A3E0A-2B27-40D2-BF2F-1FA8799600EF}.Release|Any CPU.Build.0 = Release|Any CPU
		{B68A3E0A-2B27-40D2-BF2F-1FA8799600EF}.Release|x64.ActiveCfg = Release|Any CPU
		{B68A3E0A-2B27-40D2-BF2F-1FA8799600EF}.Release|x64.Build.0 = Release|Any CPU
		{B68A3E0A-2B27-40D2-BF2F-1FA8799600EF}.Release|x86.ActiveCfg = Release|Any CPU
		{B68A3E0A-2B27-40D2-BF2F-1FA8799600EF}.Release|x86.Build.0 = Release|Any CPU
		{D3F9DE8E-AB70-40D1-BAE1-1D086CFD057C}.Debug|Any CPU.ActiveCfg = Debug|Any CPU
		{D3F9DE8E-AB70-40D1-BAE1-1D086CFD057C}.Debug|Any CPU.Build.0 = Debug|Any CPU
		{D3F9DE8E-AB70-40D1-BAE1-1D086CFD057C}.Debug|x64.ActiveCfg = Debug|Any CPU
		{D3F9DE8E-AB70-40D1-BAE1-1D086CFD057C}.Debug|x64.Build.0 = Debug|Any CPU
		{D3F9DE8E-AB70-40D1-BAE1-1D086CFD057C}.Debug|x86.ActiveCfg = Debug|Any CPU
		{D3F9DE8E-AB70-40D1-BAE1-1D086CFD057C}.Debug|x86.Build.0 = Debug|Any CPU
		{D3F9DE8E-AB70-40D1-BAE1-1D086CFD057C}.Release|Any CPU.ActiveCfg = Release|Any CPU
		{D3F9DE8E-AB70-40D1-BAE1-1D086CFD057C}.Release|Any CPU.Build.0 = Release|Any CPU
		{D3F9DE8E-AB70-40D1-BAE1-1D086CFD057C}.Release|x64.ActiveCfg = Release|Any CPU
		{D3F9DE8E-AB70-40D1-BAE1-1D086CFD057C}.Release|x64.Build.0 = Release|Any CPU
		{D3F9DE8E-AB70-40D1-BAE1-1D086CFD057C}.Release|x86.ActiveCfg = Release|Any CPU
		{D3F9DE8E-AB70-40D1-BAE1-1D086CFD057C}.Release|x86.Build.0 = Release|Any CPU
		{018A3D43-7B86-419C-805F-DEB2A0D77606}.Debug|Any CPU.ActiveCfg = Debug|Any CPU
		{018A3D43-7B86-419C-805F-DEB2A0D77606}.Debug|Any CPU.Build.0 = Debug|Any CPU
		{018A3D43-7B86-419C-805F-DEB2A0D77606}.Debug|x64.ActiveCfg = Debug|Any CPU
		{018A3D43-7B86-419C-805F-DEB2A0D77606}.Debug|x64.Build.0 = Debug|Any CPU
		{018A3D43-7B86-419C-805F-DEB2A0D77606}.Debug|x86.ActiveCfg = Debug|Any CPU
		{018A3D43-7B86-419C-805F-DEB2A0D77606}.Debug|x86.Build.0 = Debug|Any CPU
		{018A3D43-7B86-419C-805F-DEB2A0D77606}.Release|Any CPU.ActiveCfg = Release|Any CPU
		{018A3D43-7B86-419C-805F-DEB2A0D77606}.Release|Any CPU.Build.0 = Release|Any CPU
		{018A3D43-7B86-419C-805F-DEB2A0D77606}.Release|x64.ActiveCfg = Release|Any CPU
		{018A3D43-7B86-419C-805F-DEB2A0D77606}.Release|x64.Build.0 = Release|Any CPU
		{018A3D43-7B86-419C-805F-DEB2A0D77606}.Release|x86.ActiveCfg = Release|Any CPU
		{018A3D43-7B86-419C-805F-DEB2A0D77606}.Release|x86.Build.0 = Release|Any CPU
		{7128F4A1-9D9F-469D-9743-69AEA6DE62DD}.Debug|Any CPU.ActiveCfg = Debug|Any CPU
		{7128F4A1-9D9F-469D-9743-69AEA6DE62DD}.Debug|Any CPU.Build.0 = Debug|Any CPU
		{7128F4A1-9D9F-469D-9743-69AEA6DE62DD}.Debug|x64.ActiveCfg = Debug|Any CPU
		{7128F4A1-9D9F-469D-9743-69AEA6DE62DD}.Debug|x64.Build.0 = Debug|Any CPU
		{7128F4A1-9D9F-469D-9743-69AEA6DE62DD}.Debug|x86.ActiveCfg = Debug|Any CPU
		{7128F4A1-9D9F-469D-9743-69AEA6DE62DD}.Debug|x86.Build.0 = Debug|Any CPU
		{7128F4A1-9D9F-469D-9743-69AEA6DE62DD}.Release|Any CPU.ActiveCfg = Release|Any CPU
		{7128F4A1-9D9F-469D-9743-69AEA6DE62DD}.Release|Any CPU.Build.0 = Release|Any CPU
		{7128F4A1-9D9F-469D-9743-69AEA6DE62DD}.Release|x64.ActiveCfg = Release|Any CPU
		{7128F4A1-9D9F-469D-9743-69AEA6DE62DD}.Release|x64.Build.0 = Release|Any CPU
		{7128F4A1-9D9F-469D-9743-69AEA6DE62DD}.Release|x86.ActiveCfg = Release|Any CPU
		{7128F4A1-9D9F-469D-9743-69AEA6DE62DD}.Release|x86.Build.0 = Release|Any CPU
		{8F83E6DE-F82D-46D3-86CE-BCBAC4B29EAA}.Debug|Any CPU.ActiveCfg = Debug|Any CPU
		{8F83E6DE-F82D-46D3-86CE-BCBAC4B29EAA}.Debug|Any CPU.Build.0 = Debug|Any CPU
		{8F83E6DE-F82D-46D3-86CE-BCBAC4B29EAA}.Debug|x64.ActiveCfg = Debug|Any CPU
		{8F83E6DE-F82D-46D3-86CE-BCBAC4B29EAA}.Debug|x64.Build.0 = Debug|Any CPU
		{8F83E6DE-F82D-46D3-86CE-BCBAC4B29EAA}.Debug|x86.ActiveCfg = Debug|Any CPU
		{8F83E6DE-F82D-46D3-86CE-BCBAC4B29EAA}.Debug|x86.Build.0 = Debug|Any CPU
		{8F83E6DE-F82D-46D3-86CE-BCBAC4B29EAA}.Release|Any CPU.ActiveCfg = Release|Any CPU
		{8F83E6DE-F82D-46D3-86CE-BCBAC4B29EAA}.Release|Any CPU.Build.0 = Release|Any CPU
		{8F83E6DE-F82D-46D3-86CE-BCBAC4B29EAA}.Release|x64.ActiveCfg = Release|Any CPU
		{8F83E6DE-F82D-46D3-86CE-BCBAC4B29EAA}.Release|x64.Build.0 = Release|Any CPU
		{8F83E6DE-F82D-46D3-86CE-BCBAC4B29EAA}.Release|x86.ActiveCfg = Release|Any CPU
		{8F83E6DE-F82D-46D3-86CE-BCBAC4B29EAA}.Release|x86.Build.0 = Release|Any CPU
		{6576DBF6-E7F5-4418-AF3D-DDB84C57ECC1}.Debug|Any CPU.ActiveCfg = Debug|Any CPU
		{6576DBF6-E7F5-4418-AF3D-DDB84C57ECC1}.Debug|Any CPU.Build.0 = Debug|Any CPU
		{6576DBF6-E7F5-4418-AF3D-DDB84C57ECC1}.Debug|x64.ActiveCfg = Debug|Any CPU
		{6576DBF6-E7F5-4418-AF3D-DDB84C57ECC1}.Debug|x64.Build.0 = Debug|Any CPU
		{6576DBF6-E7F5-4418-AF3D-DDB84C57ECC1}.Debug|x86.ActiveCfg = Debug|Any CPU
		{6576DBF6-E7F5-4418-AF3D-DDB84C57ECC1}.Debug|x86.Build.0 = Debug|Any CPU
		{6576DBF6-E7F5-4418-AF3D-DDB84C57ECC1}.Release|Any CPU.ActiveCfg = Release|Any CPU
		{6576DBF6-E7F5-4418-AF3D-DDB84C57ECC1}.Release|Any CPU.Build.0 = Release|Any CPU
		{6576DBF6-E7F5-4418-AF3D-DDB84C57ECC1}.Release|x64.ActiveCfg = Release|Any CPU
		{6576DBF6-E7F5-4418-AF3D-DDB84C57ECC1}.Release|x64.Build.0 = Release|Any CPU
		{6576DBF6-E7F5-4418-AF3D-DDB84C57ECC1}.Release|x86.ActiveCfg = Release|Any CPU
		{6576DBF6-E7F5-4418-AF3D-DDB84C57ECC1}.Release|x86.Build.0 = Release|Any CPU
		{19BAC183-71D5-4A71-A08A-C37E21D1ED4D}.Debug|Any CPU.ActiveCfg = Debug|Any CPU
		{19BAC183-71D5-4A71-A08A-C37E21D1ED4D}.Debug|Any CPU.Build.0 = Debug|Any CPU
		{19BAC183-71D5-4A71-A08A-C37E21D1ED4D}.Debug|x64.ActiveCfg = Debug|Any CPU
		{19BAC183-71D5-4A71-A08A-C37E21D1ED4D}.Debug|x64.Build.0 = Debug|Any CPU
		{19BAC183-71D5-4A71-A08A-C37E21D1ED4D}.Debug|x86.ActiveCfg = Debug|Any CPU
		{19BAC183-71D5-4A71-A08A-C37E21D1ED4D}.Debug|x86.Build.0 = Debug|Any CPU
		{19BAC183-71D5-4A71-A08A-C37E21D1ED4D}.Release|Any CPU.ActiveCfg = Release|Any CPU
		{19BAC183-71D5-4A71-A08A-C37E21D1ED4D}.Release|Any CPU.Build.0 = Release|Any CPU
		{19BAC183-71D5-4A71-A08A-C37E21D1ED4D}.Release|x64.ActiveCfg = Release|Any CPU
		{19BAC183-71D5-4A71-A08A-C37E21D1ED4D}.Release|x64.Build.0 = Release|Any CPU
		{19BAC183-71D5-4A71-A08A-C37E21D1ED4D}.Release|x86.ActiveCfg = Release|Any CPU
		{19BAC183-71D5-4A71-A08A-C37E21D1ED4D}.Release|x86.Build.0 = Release|Any CPU
	EndGlobalSection
	GlobalSection(SolutionProperties) = preSolution
		HideSolutionNode = FALSE
	EndGlobalSection
	GlobalSection(NestedProjects) = preSolution
		{018A3D43-7B86-419C-805F-DEB2A0D77606} = {D32C8AA4-B96C-4C9D-A272-6CC5A8C41E98}
		{D3F9DE8E-AB70-40D1-BAE1-1D086CFD057C} = {D32C8AA4-B96C-4C9D-A272-6CC5A8C41E98}
		{7128F4A1-9D9F-469D-9743-69AEA6DE62DD} = {D32C8AA4-B96C-4C9D-A272-6CC5A8C41E98}
		{B68A3E0A-2B27-40D2-BF2F-1FA8799600EF} = {D32C8AA4-B96C-4C9D-A272-6CC5A8C41E98}
		{13B8C34B-9416-41B5-B456-AC729586E88E} = {D32C8AA4-B96C-4C9D-A272-6CC5A8C41E98}
		{8F83E6DE-F82D-46D3-86CE-BCBAC4B29EAA} = {A9A07C16-F2EF-4D55-A22E-13FC9E14014B}
		{6576DBF6-E7F5-4418-AF3D-DDB84C57ECC1} = {D32C8AA4-B96C-4C9D-A272-6CC5A8C41E98}
		{19BAC183-71D5-4A71-A08A-C37E21D1ED4D} = {6D72BC93-3B04-4FE1-851D-7A6A43038D9F}
	EndGlobalSection
EndGlobal
