
Microsoft Visual Studio Solution File, Format Version 12.00
Project("{2150E333-8FDC-42A3-9474-1A3956D46DE8}") = "Server", "Server", "{431DF578-0346-45FE-BC46-3249A82A2B62}"
EndProject
Project("{FAE04EC0-301F-11D3-BF4B-00C04F79EFBC}") = "Entities", "Entities\Entities.csproj", "{E661E3C6-867F-4AAA-8F50-B8BE96E3C8C4}"
EndProject
Project("{FAE04EC0-301F-11D3-BF4B-00C04F79EFBC}") = "RepositoryContracts", "RepositoryContracts\RepositoryContracts.csproj", "{442D1F64-92DA-47BF-82A8-AA75951EAF96}"
EndProject
Project("{FAE04EC0-301F-11D3-BF4B-00C04F79EFBC}") = "InMemoryRepositories", "InMemoryRepositories\InMemoryRepositories.csproj", "{C627F81A-B707-4B76-B88C-75089D3A615D}"
EndProject
Project("{FAE04EC0-301F-11D3-BF4B-00C04F79EFBC}") = "Cli", "Cli\Cli.csproj", "{DCECB780-2A98-439F-BDD8-81F32EEEA673}"
EndProject
Project("{FAE04EC0-301F-11D3-BF4B-00C04F79EFBC}") = "FileRepositories", "FileRepositories\FileRepositories.csproj", "{841E6471-18D6-4F8D-819F-158C8CFA2241}"
EndProject
Project("{FAE04EC0-301F-11D3-BF4B-00C04F79EFBC}") = "FileRepositories", "FileRepositories\FileRepositories.csproj", "{6C2F4822-CADA-4D76-9DE5-39D4BD2D7BD7}"
EndProject
Project("{FAE04EC0-301F-11D3-BF4B-00C04F79EFBC}") = "FileRepositories", "FileRepositories\FileRepositories.csproj", "{54243BD8-DD7E-4605-AC4F-DF9A96F3F956}"
EndProject
Global
	GlobalSection(SolutionConfigurationPlatforms) = preSolution
		Debug|Any CPU = Debug|Any CPU
		Release|Any CPU = Release|Any CPU
	EndGlobalSection
	GlobalSection(NestedProjects) = preSolution
		{E661E3C6-867F-4AAA-8F50-B8BE96E3C8C4} = {431DF578-0346-45FE-BC46-3249A82A2B62}
		{442D1F64-92DA-47BF-82A8-AA75951EAF96} = {431DF578-0346-45FE-BC46-3249A82A2B62}
		{C627F81A-B707-4B76-B88C-75089D3A615D} = {431DF578-0346-45FE-BC46-3249A82A2B62}
		{DCECB780-2A98-439F-BDD8-81F32EEEA673} = {431DF578-0346-45FE-BC46-3249A82A2B62}
		{841E6471-18D6-4F8D-819F-158C8CFA2241} = {431DF578-0346-45FE-BC46-3249A82A2B62}
	EndGlobalSection
	GlobalSection(ProjectConfigurationPlatforms) = postSolution
		{E661E3C6-867F-4AAA-8F50-B8BE96E3C8C4}.Debug|Any CPU.ActiveCfg = Debug|Any CPU
		{E661E3C6-867F-4AAA-8F50-B8BE96E3C8C4}.Debug|Any CPU.Build.0 = Debug|Any CPU
		{E661E3C6-867F-4AAA-8F50-B8BE96E3C8C4}.Release|Any CPU.ActiveCfg = Release|Any CPU
		{E661E3C6-867F-4AAA-8F50-B8BE96E3C8C4}.Release|Any CPU.Build.0 = Release|Any CPU
		{442D1F64-92DA-47BF-82A8-AA75951EAF96}.Debug|Any CPU.ActiveCfg = Debug|Any CPU
		{442D1F64-92DA-47BF-82A8-AA75951EAF96}.Debug|Any CPU.Build.0 = Debug|Any CPU
		{442D1F64-92DA-47BF-82A8-AA75951EAF96}.Release|Any CPU.ActiveCfg = Release|Any CPU
		{442D1F64-92DA-47BF-82A8-AA75951EAF96}.Release|Any CPU.Build.0 = Release|Any CPU
		{C627F81A-B707-4B76-B88C-75089D3A615D}.Debug|Any CPU.ActiveCfg = Debug|Any CPU
		{C627F81A-B707-4B76-B88C-75089D3A615D}.Debug|Any CPU.Build.0 = Debug|Any CPU
		{C627F81A-B707-4B76-B88C-75089D3A615D}.Release|Any CPU.ActiveCfg = Release|Any CPU
		{C627F81A-B707-4B76-B88C-75089D3A615D}.Release|Any CPU.Build.0 = Release|Any CPU
		{DCECB780-2A98-439F-BDD8-81F32EEEA673}.Debug|Any CPU.ActiveCfg = Debug|Any CPU
		{DCECB780-2A98-439F-BDD8-81F32EEEA673}.Debug|Any CPU.Build.0 = Debug|Any CPU
		{DCECB780-2A98-439F-BDD8-81F32EEEA673}.Release|Any CPU.ActiveCfg = Release|Any CPU
		{DCECB780-2A98-439F-BDD8-81F32EEEA673}.Release|Any CPU.Build.0 = Release|Any CPU
		{841E6471-18D6-4F8D-819F-158C8CFA2241}.Debug|Any CPU.ActiveCfg = Debug|Any CPU
		{841E6471-18D6-4F8D-819F-158C8CFA2241}.Debug|Any CPU.Build.0 = Debug|Any CPU
		{841E6471-18D6-4F8D-819F-158C8CFA2241}.Release|Any CPU.ActiveCfg = Release|Any CPU
		{841E6471-18D6-4F8D-819F-158C8CFA2241}.Release|Any CPU.Build.0 = Release|Any CPU
		{6C2F4822-CADA-4D76-9DE5-39D4BD2D7BD7}.Debug|Any CPU.ActiveCfg = Debug|Any CPU
		{6C2F4822-CADA-4D76-9DE5-39D4BD2D7BD7}.Debug|Any CPU.Build.0 = Debug|Any CPU
		{6C2F4822-CADA-4D76-9DE5-39D4BD2D7BD7}.Release|Any CPU.ActiveCfg = Release|Any CPU
		{6C2F4822-CADA-4D76-9DE5-39D4BD2D7BD7}.Release|Any CPU.Build.0 = Release|Any CPU
		{54243BD8-DD7E-4605-AC4F-DF9A96F3F956}.Debug|Any CPU.ActiveCfg = Debug|Any CPU
		{54243BD8-DD7E-4605-AC4F-DF9A96F3F956}.Debug|Any CPU.Build.0 = Debug|Any CPU
		{54243BD8-DD7E-4605-AC4F-DF9A96F3F956}.Release|Any CPU.ActiveCfg = Release|Any CPU
		{54243BD8-DD7E-4605-AC4F-DF9A96F3F956}.Release|Any CPU.Build.0 = Release|Any CPU
	EndGlobalSection
EndGlobal
